{
  "lockfileVersion": 1,
  "configVersion": 0,
  "workspaces": {
    "": {
      "name": "veo3",
      "devDependencies": {
        "@primeuix/themes": "^1.2.1",
        "@vitejs/plugin-vue": "^6.0.1",
        "adm-zip": "^0.5.18",
        "happy-dom": "^20.10.6",
        "jquery": "^3.7.1",
        "primeicons": "^7.0.0",
        "primevue": "^4.3.6",
        "vite": "^7.0.0",
        "vue": "^3.5.17",
        "vue-i18n": "^11.1.7",
        "xlsx": "^0.18.5",
      },
    },
  },
  "packages": {
    "@babel/helper-string-parser": ["@babel/helper-string-parser@7.29.7", "", {}, ""],

    "@babel/helper-validator-identifier": ["@babel/helper-validator-identifier@7.29.7", "", {}, ""],

    "@babel/parser": ["@babel/parser@7.29.7", "", { "dependencies": { "@babel/types": "^7.29.7" }, "bin": { "parser": "bin/babel-parser.js" } }, ""],

    "@babel/types": ["@babel/types@7.29.7", "", { "dependencies": { "@babel/helper-string-parser": "^7.29.7", "@babel/helper-validator-identifier": "^7.29.7" } }, ""],

    "@esbuild/darwin-arm64": ["@esbuild/darwin-arm64@0.28.1", "", { "os": "darwin", "cpu": "arm64" }, ""],

    "@intlify/core-base": ["@intlify/core-base@11.4.6", "", { "dependencies": { "@intlify/devtools-types": "11.4.6", "@intlify/message-compiler": "11.4.6", "@intlify/shared": "11.4.6" } }, ""],

    "@intlify/devtools-types": ["@intlify/devtools-types@11.4.6", "", { "dependencies": { "@intlify/core-base": "11.4.6", "@intlify/shared": "11.4.6" } }, ""],

    "@intlify/message-compiler": ["@intlify/message-compiler@11.4.6", "", { "dependencies": { "@intlify/shared": "11.4.6", "source-map-js": "^1.0.2" } }, ""],

    "@intlify/shared": ["@intlify/shared@11.4.6", "", {}, ""],

    "@jridgewell/sourcemap-codec": ["@jridgewell/sourcemap-codec@1.5.5", "", {}, ""],

    "@primeuix/styled": ["@primeuix/styled@0.7.4", "", { "dependencies": { "@primeuix/utils": "^0.6.1" } }, ""],

    "@primeuix/styles": ["@primeuix/styles@2.0.3", "", { "dependencies": { "@primeuix/styled": "^0.7.4" } }, ""],

    "@primeuix/themes": ["@primeuix/themes@1.2.5", "", { "dependencies": { "@primeuix/styled": "^0.7.3" } }, ""],

    "@primeuix/utils": ["@primeuix/utils@0.6.4", "", {}, ""],

    "@primevue/core": ["@primevue/core@4.5.5", "", { "dependencies": { "@primeuix/styled": "^0.7.4", "@primeuix/utils": "^0.6.2" }, "peerDependencies": { "vue": "^3.5.0" } }, ""],

    "@primevue/icons": ["@primevue/icons@4.5.5", "", { "dependencies": { "@primeuix/utils": "^0.6.2", "@primevue/core": "4.5.5" } }, ""],

    "@rolldown/pluginutils": ["@rolldown/pluginutils@1.0.1", "", {}, ""],

    "@rollup/rollup-darwin-arm64": ["@rollup/rollup-darwin-arm64@4.62.2", "", { "os": "darwin", "cpu": "arm64" }, ""],

    "@types/estree": ["@types/estree@1.0.9", "", {}, ""],

    "@types/node": ["@types/node@26.0.1", "", { "dependencies": { "undici-types": "~8.3.0" } }, ""],

    "@types/whatwg-mimetype": ["@types/whatwg-mimetype@3.0.2", "", {}, ""],

    "@types/ws": ["@types/ws@8.18.1", "", { "dependencies": { "@types/node": "*" } }, ""],

    "@vitejs/plugin-vue": ["@vitejs/plugin-vue@6.0.7", "", { "dependencies": { "@rolldown/pluginutils": "^1.0.1" }, "peerDependencies": { "vite": "^5.0.0 || ^6.0.0 || ^7.0.0 || ^8.0.0", "vue": "^3.2.25" } }, ""],

    "@vue/compiler-core": ["@vue/compiler-core@3.5.39", "", { "dependencies": { "@babel/parser": "^7.29.7", "@vue/shared": "3.5.39", "entities": "^7.0.1", "estree-walker": "^2.0.2", "source-map-js": "^1.2.1" } }, ""],

    "@vue/compiler-dom": ["@vue/compiler-dom@3.5.39", "", { "dependencies": { "@vue/compiler-core": "3.5.39", "@vue/shared": "3.5.39" } }, ""],

    "@vue/compiler-sfc": ["@vue/compiler-sfc@3.5.39", "", { "dependencies": { "@babel/parser": "^7.29.7", "@vue/compiler-core": "3.5.39", "@vue/compiler-dom": "3.5.39", "@vue/compiler-ssr": "3.5.39", "@vue/shared": "3.5.39", "estree-walker": "^2.0.2", "magic-string": "^0.30.21", "postcss": "^8.5.15", "source-map-js": "^1.2.1" } }, ""],

    "@vue/compiler-ssr": ["@vue/compiler-ssr@3.5.39", "", { "dependencies": { "@vue/compiler-dom": "3.5.39", "@vue/shared": "3.5.39" } }, ""],

    "@vue/devtools-api": ["@vue/devtools-api@6.6.4", "", {}, ""],

    "@vue/reactivity": ["@vue/reactivity@3.5.39", "", { "dependencies": { "@vue/shared": "3.5.39" } }, ""],

    "@vue/runtime-core": ["@vue/runtime-core@3.5.39", "", { "dependencies": { "@vue/reactivity": "3.5.39", "@vue/shared": "3.5.39" } }, ""],

    "@vue/runtime-dom": ["@vue/runtime-dom@3.5.39", "", { "dependencies": { "@vue/reactivity": "3.5.39", "@vue/runtime-core": "3.5.39", "@vue/shared": "3.5.39", "csstype": "^3.2.3" } }, ""],

    "@vue/server-renderer": ["@vue/server-renderer@3.5.39", "", { "dependencies": { "@vue/compiler-ssr": "3.5.39", "@vue/shared": "3.5.39" }, "peerDependencies": { "vue": "3.5.39" } }, ""],

    "@vue/shared": ["@vue/shared@3.5.39", "", {}, ""],

    "adler-32": ["adler-32@1.3.1", "", {}, ""],

    "adm-zip": ["adm-zip@0.5.18", "", {}, "sha512-ufJnssQGbxzLNS1Ho9bCtX4rQKCCvoVuDLHoJyc3F9dOGDB4BkWs2Ci0kv53lqocAEQ/Cbi+I2XCsNYGqVYqng=="],

    "buffer-image-size": ["buffer-image-size@0.6.4", "", { "dependencies": { "@types/node": "*" } }, ""],

    "cfb": ["cfb@1.2.2", "", { "dependencies": { "adler-32": "~1.3.0", "crc-32": "~1.2.0" } }, ""],

    "codepage": ["codepage@1.15.0", "", {}, ""],

    "crc-32": ["crc-32@1.2.2", "", { "bin": { "crc32": "bin/crc32.njs" } }, ""],

    "csstype": ["csstype@3.2.3", "", {}, ""],

    "entities": ["entities@7.0.1", "", {}, ""],

    "esbuild": ["esbuild@0.28.1", "", { "optionalDependencies": { "@esbuild/darwin-arm64": "0.28.1" }, "bin": "bin/esbuild" }, ""],

    "estree-walker": ["estree-walker@2.0.2", "", {}, ""],

    "fdir": ["fdir@6.5.0", "", { "peerDependencies": { "picomatch": "^3 || ^4" } }, ""],

    "frac": ["frac@1.1.2", "", {}, ""],

    "happy-dom": ["happy-dom@20.10.6", "", { "dependencies": { "@types/node": ">=20.0.0", "@types/whatwg-mimetype": "^3.0.2", "@types/ws": "^8.18.1", "buffer-image-size": "^0.6.4", "entities": "^7.0.1", "whatwg-mimetype": "^3.0.0", "ws": "^8.21.0" } }, ""],

    "jquery": ["jquery@3.7.1", "", {}, ""],

    "magic-string": ["magic-string@0.30.21", "", { "dependencies": { "@jridgewell/sourcemap-codec": "^1.5.5" } }, ""],

    "nanoid": ["nanoid@3.3.15", "", { "bin": "bin/nanoid.cjs" }, ""],

    "picocolors": ["picocolors@1.1.1", "", {}, ""],

    "picomatch": ["picomatch@4.0.4", "", {}, ""],

    "postcss": ["postcss@8.5.16", "", { "dependencies": { "nanoid": "^3.3.12", "picocolors": "^1.1.1", "source-map-js": "^1.2.1" } }, ""],

    "primeicons": ["primeicons@7.0.0", "", {}, ""],

    "primevue": ["primevue@4.5.5", "", { "dependencies": { "@primeuix/styled": "^0.7.4", "@primeuix/styles": "^2.0.3", "@primeuix/utils": "^0.6.2", "@primevue/core": "4.5.5", "@primevue/icons": "4.5.5" } }, ""],

    "rollup": ["rollup@4.62.2", "", { "dependencies": { "@types/estree": "1.0.9" }, "optionalDependencies": { "@rollup/rollup-darwin-arm64": "4.62.2" }, "bin": "dist/bin/rollup" }, ""],

    "source-map-js": ["source-map-js@1.2.1", "", {}, ""],

    "ssf": ["ssf@0.11.2", "", { "dependencies": { "frac": "~1.1.2" } }, ""],

    "tinyglobby": ["tinyglobby@0.2.17", "", { "dependencies": { "fdir": "^6.5.0", "picomatch": "^4.0.4" } }, ""],

    "undici-types": ["undici-types@8.3.0", "", {}, ""],

    "vite": ["vite@7.3.6", "", { "dependencies": { "esbuild": "^0.27.0 || ^0.28.0", "fdir": "^6.5.0", "picomatch": "^4.0.3", "postcss": "^8.5.6", "rollup": "^4.43.0", "tinyglobby": "^0.2.15" }, "peerDependencies": { "@types/node": "^20.19.0 || >=22.12.0", "jiti": ">=1.21.0", "less": "^4.0.0", "lightningcss": "^1.21.0", "sass": "^1.70.0", "sass-embedded": "^1.70.0", "stylus": ">=0.54.8", "sugarss": "^5.0.0", "terser": "^5.16.0", "tsx": "^4.8.1", "yaml": "^2.4.2" }, "optionalPeers": ["jiti", "less", "lightningcss", "sass", "sass-embedded", "stylus", "sugarss", "terser", "tsx", "yaml"], "bin": "bin/vite.js" }, ""],

    "vue": ["vue@3.5.39", "", { "dependencies": { "@vue/compiler-dom": "3.5.39", "@vue/compiler-sfc": "3.5.39", "@vue/runtime-dom": "3.5.39", "@vue/server-renderer": "3.5.39", "@vue/shared": "3.5.39" }, "peerDependencies": { "typescript": "*" }, "optionalPeers": ["typescript"] }, ""],

    "vue-i18n": ["vue-i18n@11.4.6", "", { "dependencies": { "@intlify/core-base": "11.4.6", "@intlify/devtools-types": "11.4.6", "@intlify/shared": "11.4.6", "@vue/devtools-api": "^6.5.0" }, "peerDependencies": { "vue": "^3.0.0" } }, ""],

    "whatwg-mimetype": ["whatwg-mimetype@3.0.0", "", {}, ""],

    "wmf": ["wmf@1.0.2", "", {}, ""],

    "word": ["word@0.3.0", "", {}, ""],

    "ws": ["ws@8.21.0", "", { "peerDependencies": { "bufferutil": "^4.0.1", "utf-8-validate": ">=5.0.2" }, "optionalPeers": ["bufferutil", "utf-8-validate"] }, ""],

    "xlsx": ["xlsx@0.18.5", "", { "dependencies": { "adler-32": "~1.3.0", "cfb": "~1.2.1", "codepage": "~1.15.0", "crc-32": "~1.2.1", "ssf": "~0.11.2", "wmf": "~1.0.1", "word": "~0.3.0" }, "bin": "bin/xlsx.njs" }, ""],
  }
}
